
Microsoft Visual Studio Solution File, Format Version 11.00
# Visual Studio 2010
Project("{FAE04EC0-301F-11D3-BF4B-00C04F79EFBC}") = "Web", "Web\Web.csproj", "{13AB592E-B5FD-45C1-8D0C-80CEFFB70C6E}"
EndProject
Project("{FAE04EC0-301F-11D3-BF4B-00C04F79EFBC}") = "Tests", "Tests\Tests.csproj", "{D331769C-CCC0-4894-96B3-A2DE2BB75218}"
EndProject
Project("{2150E333-8FDC-42A3-9474-1A3956D46DE8}") = "Solution Items", "Solution Items", "{EE3BD566-1624-4C63-80B4-07A84F4EB48B}"
	ProjectSection(SolutionItems) = preProject
		SubclassingBinder.vsmdi = SubclassingBinder.vsmdi
		TestSettings1.testsettings = TestSettings1.testsettings
	EndProjectSection
EndProject
Global
	GlobalSection(TestCaseManagementSettings) = postSolution
		CategoryFile = SubclassingBinder.vsmdi
	EndGlobalSection
	GlobalSection(SolutionConfigurationPlatforms) = preSolution
		Debug|Any CPU = Debug|Any CPU
		Release|Any CPU = Release|Any CPU
	EndGlobalSection
	GlobalSection(ProjectConfigurationPlatforms) = postSolution
		{13AB592E-B5FD-45C1-8D0C-80CEFFB70C6E}.Debug|Any CPU.ActiveCfg = Debug|Any CPU
		{13AB592E-B5FD-45C1-8D0C-80CEFFB70C6E}.Debug|Any CPU.Build.0 = Debug|Any CPU
		{13AB592E-B5FD-45C1-8D0C-80CEFFB70C6E}.Release|Any CPU.ActiveCfg = Release|Any CPU
		{13AB592E-B5FD-45C1-8D0C-80CEFFB70C6E}.Release|Any CPU.Build.0 = Release|Any CPU
		{D331769C-CCC0-4894-96B3-A2DE2BB75218}.Debug|Any CPU.ActiveCfg = Debug|Any CPU
		{D331769C-CCC0-4894-96B3-A2DE2BB75218}.Debug|Any CPU.Build.0 = Debug|Any CPU
		{D331769C-CCC0-4894-96B3-A2DE2BB75218}.Release|Any CPU.ActiveCfg = Release|Any CPU
		{D331769C-CCC0-4894-96B3-A2DE2BB75218}.Release|Any CPU.Build.0 = Release|Any CPU
	EndGlobalSection
	GlobalSection(SolutionProperties) = preSolution
		HideSolutionNode = FALSE
	EndGlobalSection
EndGlobal
